
Microsoft Visual Studio Solution File, Format Version 12.00
# Visual Studio Version 17
VisualStudioVersion = 17.11.35303.130
MinimumVisualStudioVersion = 10.0.40219.1
Project("{9A19103F-16F7-4668-BE54-9A1E7A4F7556}") = "BrewBuddy", "BrewBuddy\BrewBuddy.csproj", "{A2EE3E2D-C8D9-4AE1-8E6D-6B43AB6A7454}"
EndProject
Global
	GlobalSection(SolutionConfigurationPlatforms) = preSolution
		Debug|Any CPU = Debug|Any CPU
		Release|Any CPU = Release|Any CPU
	EndGlobalSection
	GlobalSection(ProjectConfigurationPlatforms) = postSolution
		{A2EE3E2D-C8D9-4AE1-8E6D-6B43AB6A7454}.Debug|Any CPU.ActiveCfg = Debug|Any CPU
		{A2EE3E2D-C8D9-4AE1-8E6D-6B43AB6A7454}.Debug|Any CPU.Build.0 = Debug|Any CPU
		{A2EE3E2D-C8D9-4AE1-8E6D-6B43AB6A7454}.Release|Any CPU.ActiveCfg = Release|Any CPU
		{A2EE3E2D-C8D9-4AE1-8E6D-6B43AB6A7454}.Release|Any CPU.Build.0 = Release|Any CPU
	EndGlobalSection
	GlobalSection(SolutionProperties) = preSolution
		HideSolutionNode = FALSE
	EndGlobalSection
	GlobalSection(ExtensibilityGlobals) = postSolution
		SolutionGuid = {B3FB96BD-C145-4941-AB1C-9882D9F463D9}
	EndGlobalSection
EndGlobal
